
Microsoft Visual Studio Solution File, Format Version 10.00
# Visual Studio 2008
Project("{FAE04EC0-301F-11D3-BF4B-00C04F79EFBC}") = "OneSyncApp", "OneSyncApp\OneSync.csproj", "{18DA4780-0E82-440E-B282-6DDF766420E4}"
EndProject
Project("{54435603-DBB4-11D2-8724-00A0C9A8B90C}") = "OneSyncSetup", "OneSyncSetup\OneSyncSetup.vdproj", "{BC6A3BC4-5007-476B-B866-691736DAB9D3}"
EndProject
Global
	GlobalSection(SolutionConfigurationPlatforms) = preSolution
		Debug|Any CPU = Debug|Any CPU
		Release|Any CPU = Release|Any CPU
	EndGlobalSection
	GlobalSection(ProjectConfigurationPlatforms) = postSolution
		{18DA4780-0E82-440E-B282-6DDF766420E4}.Debug|Any CPU.ActiveCfg = Debug|Any CPU
		{18DA4780-0E82-440E-B282-6DDF766420E4}.Debug|Any CPU.Build.0 = Debug|Any CPU
		{18DA4780-0E82-440E-B282-6DDF766420E4}.Release|Any CPU.ActiveCfg = Release|Any CPU
		{18DA4780-0E82-440E-B282-6DDF766420E4}.Release|Any CPU.Build.0 = Release|Any CPU
		{BC6A3BC4-5007-476B-B866-691736DAB9D3}.Debug|Any CPU.ActiveCfg = Debug
		{BC6A3BC4-5007-476B-B866-691736DAB9D3}.Release|Any CPU.ActiveCfg = Release
	EndGlobalSection
	GlobalSection(SolutionProperties) = preSolution
		HideSolutionNode = FALSE
	EndGlobalSection
EndGlobal
